// !$*UTF8*$!
{
	archiveVersion = 1;
	classes = {
	};
	objectVersion = 54;
	objects = {

/* Begin PBXBuildFile section */
		04FB83D7D7594D1893A5994F /* Pods_SmartBrush.framework in Frameworks */ = {isa = PBXBuildFile; fileRef = 0BB1CFB389B50692107AB267 /* Pods_SmartBrush.framework */; };
		4432D2AC2742BF530021F402 /* ConnectionViewController.swift in Sources */ = {isa = PBXBuildFile; fileRef = 4432D2AB2742BF530021F402 /* ConnectionViewController.swift */; };
		447C13422723AB8B0076AD40 /* AppDelegate.swift in Sources */ = {isa = PBXBuildFile; fileRef = 447C13412723AB8B0076AD40 /* AppDelegate.swift */; };
		447C13442723AB8B0076AD40 /* SceneDelegate.swift in Sources */ = {isa = PBXBuildFile; fileRef = 447C13432723AB8B0076AD40 /* SceneDelegate.swift */; };
		447C13462723AB8B0076AD40 /* ViewController.swift in Sources */ = {isa = PBXBuildFile; fileRef = 447C13452723AB8B0076AD40 /* ViewController.swift */; };
		447C13492723AB8B0076AD40 /* Main.storyboard in Resources */ = {isa = PBXBuildFile; fileRef = 447C13472723AB8B0076AD40 /* Main.storyboard */; };
		447C134B2723AB8D0076AD40 /* Assets.xcassets in Resources */ = {isa = PBXBuildFile; fileRef = 447C134A2723AB8D0076AD40 /* Assets.xcassets */; };
		447C134E2723AB8D0076AD40 /* LaunchScreen.storyboard in Resources */ = {isa = PBXBuildFile; fileRef = 447C134C2723AB8D0076AD40 /* LaunchScreen.storyboard */; };
		447C13592723AB8D0076AD40 /* SmartBrushTests.swift in Sources */ = {isa = PBXBuildFile; fileRef = 447C13582723AB8D0076AD40 /* SmartBrushTests.swift */; };
		447C13632723AB8D0076AD40 /* SmartBrushUITests.swift in Sources */ = {isa = PBXBuildFile; fileRef = 447C13622723AB8D0076AD40 /* SmartBrushUITests.swift */; };
		447C13652723AB8D0076AD40 /* SmartBrushUITestsLaunchTests.swift in Sources */ = {isa = PBXBuildFile; fileRef = 447C13642723AB8D0076AD40 /* SmartBrushUITestsLaunchTests.swift */; };
		447C13862723BA8B0076AD40 /* RealTime.storyboard in Resources */ = {isa = PBXBuildFile; fileRef = 447C13852723BA8B0076AD40 /* RealTime.storyboard */; };
		447C13892723BAD50076AD40 /* History.storyboard in Resources */ = {isa = PBXBuildFile; fileRef = 447C13872723BAD50076AD40 /* History.storyboard */; };
		447C138D2723BE380076AD40 /* Connection.storyboard in Resources */ = {isa = PBXBuildFile; fileRef = 447C138C2723BE380076AD40 /* Connection.storyboard */; };
		449273DB2724777B0004E24F /* HistoryViewController.swift in Sources */ = {isa = PBXBuildFile; fileRef = 449273DA2724777B0004E24F /* HistoryViewController.swift */; };
		44A02AD62724FD46000EFEBA /* RealTimeViewController.swift in Sources */ = {isa = PBXBuildFile; fileRef = 44A02AD52724FD46000EFEBA /* RealTimeViewController.swift */; };
		44C43E9E2746A487000A95E2 /* DatabaseConnection.swift in Sources */ = {isa = PBXBuildFile; fileRef = 44C43E9D2746A487000A95E2 /* DatabaseConnection.swift */; };
		6B8267F22DF719CFBE4762F9 /* Pods_SmartBrushTests.framework in Frameworks */ = {isa = PBXBuildFile; fileRef = 3EBBE04AB05959A517088964 /* Pods_SmartBrushTests.framework */; };
		BC5D2510A04E0351DCD0242D /* Pods_SmartBrush_SmartBrushUITests.framework in Frameworks */ = {isa = PBXBuildFile; fileRef = 227AC5D299C5422B10077E77 /* Pods_SmartBrush_SmartBrushUITests.framework */; };
/* End PBXBuildFile section */

/* Begin PBXContainerItemProxy section */
		447C13552723AB8D0076AD40 /* PBXContainerItemProxy */ = {
			isa = PBXContainerItemProxy;
			containerPortal = 447C13362723AB8B0076AD40 /* Project object */;
			proxyType = 1;
			remoteGlobalIDString = 447C133D2723AB8B0076AD40;
			remoteInfo = SmartBrush;
		};
		447C135F2723AB8D0076AD40 /* PBXContainerItemProxy */ = {
			isa = PBXContainerItemProxy;
			containerPortal = 447C13362723AB8B0076AD40 /* Project object */;
			proxyType = 1;
			remoteGlobalIDString = 447C133D2723AB8B0076AD40;
			remoteInfo = SmartBrush;
		};
/* End PBXContainerItemProxy section */

/* Begin PBXFileReference section */
		0BB1CFB389B50692107AB267 /* Pods_SmartBrush.framework */ = {isa = PBXFileReference; explicitFileType = wrapper.framework; includeInIndex = 0; path = Pods_SmartBrush.framework; sourceTree = BUILT_PRODUCTS_DIR; };
		227AC5D299C5422B10077E77 /* Pods_SmartBrush_SmartBrushUITests.framework */ = {isa = PBXFileReference; explicitFileType = wrapper.framework; includeInIndex = 0; path = Pods_SmartBrush_SmartBrushUITests.framework; sourceTree = BUILT_PRODUCTS_DIR; };
		3746EF6AA38639F9388645CF /* Pods-SmartBrushTests.debug.xcconfig */ = {isa = PBXFileReference; includeInIndex = 1; lastKnownFileType = text.xcconfig; name = "Pods-SmartBrushTests.debug.xcconfig"; path = "Target Support Files/Pods-SmartBrushTests/Pods-SmartBrushTests.debug.xcconfig"; sourceTree = "<group>"; };
		3EBBE04AB05959A517088964 /* Pods_SmartBrushTests.framework */ = {isa = PBXFileReference; explicitFileType = wrapper.framework; includeInIndex = 0; path = Pods_SmartBrushTests.framework; sourceTree = BUILT_PRODUCTS_DIR; };
		4432D2AB2742BF530021F402 /* ConnectionViewController.swift */ = {isa = PBXFileReference; fileEncoding = 4; lastKnownFileType = sourcecode.swift; path = ConnectionViewController.swift; sourceTree = "<group>"; };
		447C133E2723AB8B0076AD40 /* SmartBrush.app */ = {isa = PBXFileReference; explicitFileType = wrapper.application; includeInIndex = 0; path = SmartBrush.app; sourceTree = BUILT_PRODUCTS_DIR; };
		447C13412723AB8B0076AD40 /* AppDelegate.swift */ = {isa = PBXFileReference; lastKnownFileType = sourcecode.swift; path = AppDelegate.swift; sourceTree = "<group>"; };
		447C13432723AB8B0076AD40 /* SceneDelegate.swift */ = {isa = PBXFileReference; lastKnownFileType = sourcecode.swift; path = SceneDelegate.swift; sourceTree = "<group>"; };
		447C13452723AB8B0076AD40 /* ViewController.swift */ = {isa = PBXFileReference; lastKnownFileType = sourcecode.swift; path = ViewController.swift; sourceTree = "<group>"; };
		447C13482723AB8B0076AD40 /* Base */ = {isa = PBXFileReference; lastKnownFileType = file.storyboard; name = Base; path = Base.lproj/Main.storyboard; sourceTree = "<group>"; };
		447C134A2723AB8D0076AD40 /* Assets.xcassets */ = {isa = PBXFileReference; lastKnownFileType = folder.assetcatalog; path = Assets.xcassets; sourceTree = "<group>"; };
		447C134D2723AB8D0076AD40 /* Base */ = {isa = PBXFileReference; lastKnownFileType = file.storyboard; name = Base; path = Base.lproj/LaunchScreen.storyboard; sourceTree = "<group>"; };
		447C134F2723AB8D0076AD40 /* Info.plist */ = {isa = PBXFileReference; lastKnownFileType = text.plist.xml; path = Info.plist; sourceTree = "<group>"; };
		447C13542723AB8D0076AD40 /* SmartBrushTests.xctest */ = {isa = PBXFileReference; explicitFileType = wrapper.cfbundle; includeInIndex = 0; path = SmartBrushTests.xctest; sourceTree = BUILT_PRODUCTS_DIR; };
		447C13582723AB8D0076AD40 /* SmartBrushTests.swift */ = {isa = PBXFileReference; lastKnownFileType = sourcecode.swift; path = SmartBrushTests.swift; sourceTree = "<group>"; };
		447C135E2723AB8D0076AD40 /* SmartBrushUITests.xctest */ = {isa = PBXFileReference; explicitFileType = wrapper.cfbundle; includeInIndex = 0; path = SmartBrushUITests.xctest; sourceTree = BUILT_PRODUCTS_DIR; };
		447C13622723AB8D0076AD40 /* SmartBrushUITests.swift */ = {isa = PBXFileReference; lastKnownFileType = sourcecode.swift; path = SmartBrushUITests.swift; sourceTree = "<group>"; };
		447C13642723AB8D0076AD40 /* SmartBrushUITestsLaunchTests.swift */ = {isa = PBXFileReference; lastKnownFileType = sourcecode.swift; path = SmartBrushUITestsLaunchTests.swift; sourceTree = "<group>"; };
		447C13852723BA8B0076AD40 /* RealTime.storyboard */ = {isa = PBXFileReference; fileEncoding = 4; lastKnownFileType = file.storyboard; path = RealTime.storyboard; sourceTree = "<group>"; };
		447C13882723BAD50076AD40 /* Base */ = {isa = PBXFileReference; lastKnownFileType = file.storyboard; name = Base; path = SmartBrush/Base.lproj/History.storyboard; sourceTree = "<group>"; };
		447C138C2723BE380076AD40 /* Connection.storyboard */ = {isa = PBXFileReference; fileEncoding = 4; lastKnownFileType = file.storyboard; path = Connection.storyboard; sourceTree = "<group>"; };
		449273DA2724777B0004E24F /* HistoryViewController.swift */ = {isa = PBXFileReference; lastKnownFileType = sourcecode.swift; path = HistoryViewController.swift; sourceTree = "<group>"; };
		44A02AD52724FD46000EFEBA /* RealTimeViewController.swift */ = {isa = PBXFileReference; lastKnownFileType = sourcecode.swift; path = RealTimeViewController.swift; sourceTree = "<group>"; };
		44C43E9D2746A487000A95E2 /* DatabaseConnection.swift */ = {isa = PBXFileReference; fileEncoding = 4; lastKnownFileType = sourcecode.swift; path = DatabaseConnection.swift; sourceTree = "<group>"; };
		715D6A90E96D1BDA751F9FEA /* Pods-SmartBrush-SmartBrushUITests.release.xcconfig */ = {isa = PBXFileReference; includeInIndex = 1; lastKnownFileType = text.xcconfig; name = "Pods-SmartBrush-SmartBrushUITests.release.xcconfig"; path = "Target Support Files/Pods-SmartBrush-SmartBrushUITests/Pods-SmartBrush-SmartBrushUITests.release.xcconfig"; sourceTree = "<group>"; };
		A4F9AF545F0B2E341BCFBD93 /* Pods-SmartBrush.release.xcconfig */ = {isa = PBXFileReference; includeInIndex = 1; lastKnownFileType = text.xcconfig; name = "Pods-SmartBrush.release.xcconfig"; path = "Target Support Files/Pods-SmartBrush/Pods-SmartBrush.release.xcconfig"; sourceTree = "<group>"; };
		B0D0A454C2670A6C6C97A562 /* Pods-SmartBrush.debug.xcconfig */ = {isa = PBXFileReference; includeInIndex = 1; lastKnownFileType = text.xcconfig; name = "Pods-SmartBrush.debug.xcconfig"; path = "Target Support Files/Pods-SmartBrush/Pods-SmartBrush.debug.xcconfig"; sourceTree = "<group>"; };
		B4F804F22D767D5E315391B1 /* Pods-SmartBrushTests.release.xcconfig */ = {isa = PBXFileReference; includeInIndex = 1; lastKnownFileType = text.xcconfig; name = "Pods-SmartBrushTests.release.xcconfig"; path = "Target Support Files/Pods-SmartBrushTests/Pods-SmartBrushTests.release.xcconfig"; sourceTree = "<group>"; };
		CEA5479C177CABC34767752A /* Pods-SmartBrush-SmartBrushUITests.debug.xcconfig */ = {isa = PBXFileReference; includeInIndex = 1; lastKnownFileType = text.xcconfig; name = "Pods-SmartBrush-SmartBrushUITests.debug.xcconfig"; path = "Target Support Files/Pods-SmartBrush-SmartBrushUITests/Pods-SmartBrush-SmartBrushUITests.debug.xcconfig"; sourceTree = "<group>"; };
/* End PBXFileReference section */

/* Begin PBXFrameworksBuildPhase section */
		447C133B2723AB8B0076AD40 /* Frameworks */ = {
			isa = PBXFrameworksBuildPhase;
			buildActionMask = 2147483647;
			files = (
				04FB83D7D7594D1893A5994F /* Pods_SmartBrush.framework in Frameworks */,
			);
			runOnlyForDeploymentPostprocessing = 0;
		};
		447C13512723AB8D0076AD40 /* Frameworks */ = {
			isa = PBXFrameworksBuildPhase;
			buildActionMask = 2147483647;
			files = (
				6B8267F22DF719CFBE4762F9 /* Pods_SmartBrushTests.framework in Frameworks */,
			);
			runOnlyForDeploymentPostprocessing = 0;
		};
		447C135B2723AB8D0076AD40 /* Frameworks */ = {
			isa = PBXFrameworksBuildPhase;
			buildActionMask = 2147483647;
			files = (
				BC5D2510A04E0351DCD0242D /* Pods_SmartBrush_SmartBrushUITests.framework in Frameworks */,
			);
			runOnlyForDeploymentPostprocessing = 0;
		};
/* End PBXFrameworksBuildPhase section */

/* Begin PBXGroup section */
		447C13352723AB8B0076AD40 = {
			isa = PBXGroup;
			children = (
				447C13402723AB8B0076AD40 /* SmartBrush */,
				447C13572723AB8D0076AD40 /* SmartBrushTests */,
				447C13612723AB8D0076AD40 /* SmartBrushUITests */,
				447C133F2723AB8B0076AD40 /* Products */,
				449273E527247C570004E24F /* Frameworks */,
				5D1E644F2C279C794E3C8889 /* Pods */,
			);
			sourceTree = "<group>";
		};
		447C133F2723AB8B0076AD40 /* Products */ = {
			isa = PBXGroup;
			children = (
				447C133E2723AB8B0076AD40 /* SmartBrush.app */,
				447C13542723AB8D0076AD40 /* SmartBrushTests.xctest */,
				447C135E2723AB8D0076AD40 /* SmartBrushUITests.xctest */,
			);
			name = Products;
			sourceTree = "<group>";
		};
		447C13402723AB8B0076AD40 /* SmartBrush */ = {
			isa = PBXGroup;
			children = (
				447C13872723BAD50076AD40 /* History.storyboard */,
				449273DA2724777B0004E24F /* HistoryViewController.swift */,
				4432D2AB2742BF530021F402 /* ConnectionViewController.swift */,
				44A02AD52724FD46000EFEBA /* RealTimeViewController.swift */,
				44C43E9D2746A487000A95E2 /* DatabaseConnection.swift */,
				447C13852723BA8B0076AD40 /* RealTime.storyboard */,
				447C138C2723BE380076AD40 /* Connection.storyboard */,
				447C13412723AB8B0076AD40 /* AppDelegate.swift */,
				447C13432723AB8B0076AD40 /* SceneDelegate.swift */,
				447C13452723AB8B0076AD40 /* ViewController.swift */,
				447C13472723AB8B0076AD40 /* Main.storyboard */,
				447C134A2723AB8D0076AD40 /* Assets.xcassets */,
				447C134C2723AB8D0076AD40 /* LaunchScreen.storyboard */,
				447C134F2723AB8D0076AD40 /* Info.plist */,
			);
			path = SmartBrush;
			sourceTree = "<group>";
		};
		447C13572723AB8D0076AD40 /* SmartBrushTests */ = {
			isa = PBXGroup;
			children = (
				447C13582723AB8D0076AD40 /* SmartBrushTests.swift */,
			);
			path = SmartBrushTests;
			sourceTree = "<group>";
		};
		447C13612723AB8D0076AD40 /* SmartBrushUITests */ = {
			isa = PBXGroup;
			children = (
				447C13622723AB8D0076AD40 /* SmartBrushUITests.swift */,
				447C13642723AB8D0076AD40 /* SmartBrushUITestsLaunchTests.swift */,
			);
			path = SmartBrushUITests;
			sourceTree = "<group>";
		};
		449273E527247C570004E24F /* Frameworks */ = {
			isa = PBXGroup;
			children = (
				0BB1CFB389B50692107AB267 /* Pods_SmartBrush.framework */,
				227AC5D299C5422B10077E77 /* Pods_SmartBrush_SmartBrushUITests.framework */,
				3EBBE04AB05959A517088964 /* Pods_SmartBrushTests.framework */,
			);
			name = Frameworks;
			sourceTree = "<group>";
		};
		5D1E644F2C279C794E3C8889 /* Pods */ = {
			isa = PBXGroup;
			children = (
				B0D0A454C2670A6C6C97A562 /* Pods-SmartBrush.debug.xcconfig */,
				A4F9AF545F0B2E341BCFBD93 /* Pods-SmartBrush.release.xcconfig */,
				CEA5479C177CABC34767752A /* Pods-SmartBrush-SmartBrushUITests.debug.xcconfig */,
				715D6A90E96D1BDA751F9FEA /* Pods-SmartBrush-SmartBrushUITests.release.xcconfig */,
				3746EF6AA38639F9388645CF /* Pods-SmartBrushTests.debug.xcconfig */,
				B4F804F22D767D5E315391B1 /* Pods-SmartBrushTests.release.xcconfig */,
			);
			path = Pods;
			sourceTree = "<group>";
		};
/* End PBXGroup section */

/* Begin PBXNativeTarget section */
		447C133D2723AB8B0076AD40 /* SmartBrush */ = {
			isa = PBXNativeTarget;
			buildConfigurationList = 447C13682723AB8D0076AD40 /* Build configuration list for PBXNativeTarget "SmartBrush" */;
			buildPhases = (
				BC1878622157E2F21B2AAE30 /* [CP] Check Pods Manifest.lock */,
				447C133A2723AB8B0076AD40 /* Sources */,
				447C133B2723AB8B0076AD40 /* Frameworks */,
				447C133C2723AB8B0076AD40 /* Resources */,
				42E5A274A288A1523F5A5FBB /* [CP] Embed Pods Frameworks */,
			);
			buildRules = (
			);
			dependencies = (
			);
			name = SmartBrush;
			productName = SmartBrush;
			productReference = 447C133E2723AB8B0076AD40 /* SmartBrush.app */;
			productType = "com.apple.product-type.application";
		};
		447C13532723AB8D0076AD40 /* SmartBrushTests */ = {
			isa = PBXNativeTarget;
			buildConfigurationList = 447C136B2723AB8D0076AD40 /* Build configuration list for PBXNativeTarget "SmartBrushTests" */;
			buildPhases = (
				21276FC6DC9BB40D22A99021 /* [CP] Check Pods Manifest.lock */,
				447C13502723AB8D0076AD40 /* Sources */,
				447C13512723AB8D0076AD40 /* Frameworks */,
				447C13522723AB8D0076AD40 /* Resources */,
			);
			buildRules = (
			);
			dependencies = (
				447C13562723AB8D0076AD40 /* PBXTargetDependency */,
			);
			name = SmartBrushTests;
			productName = SmartBrushTests;
			productReference = 447C13542723AB8D0076AD40 /* SmartBrushTests.xctest */;
			productType = "com.apple.product-type.bundle.unit-test";
		};
		447C135D2723AB8D0076AD40 /* SmartBrushUITests */ = {
			isa = PBXNativeTarget;
			buildConfigurationList = 447C136E2723AB8D0076AD40 /* Build configuration list for PBXNativeTarget "SmartBrushUITests" */;
			buildPhases = (
				523D188B81408C2654C6DD60 /* [CP] Check Pods Manifest.lock */,
				447C135A2723AB8D0076AD40 /* Sources */,
				447C135B2723AB8D0076AD40 /* Frameworks */,
				447C135C2723AB8D0076AD40 /* Resources */,
				8F426283351CF1D8D3181D8C /* [CP] Embed Pods Frameworks */,
			);
			buildRules = (
			);
			dependencies = (
				447C13602723AB8D0076AD40 /* PBXTargetDependency */,
			);
			name = SmartBrushUITests;
			productName = SmartBrushUITests;
			productReference = 447C135E2723AB8D0076AD40 /* SmartBrushUITests.xctest */;
			productType = "com.apple.product-type.bundle.ui-testing";
		};
/* End PBXNativeTarget section */

/* Begin PBXProject section */
		447C13362723AB8B0076AD40 /* Project object */ = {
			isa = PBXProject;
			attributes = {
				BuildIndependentTargetsInParallel = 1;
				LastSwiftUpdateCheck = 1300;
				LastUpgradeCheck = 1300;
				TargetAttributes = {
					447C133D2723AB8B0076AD40 = {
						CreatedOnToolsVersion = 13.0;
					};
					447C13532723AB8D0076AD40 = {
						CreatedOnToolsVersion = 13.0;
						TestTargetID = 447C133D2723AB8B0076AD40;
					};
					447C135D2723AB8D0076AD40 = {
						CreatedOnToolsVersion = 13.0;
						TestTargetID = 447C133D2723AB8B0076AD40;
					};
				};
			};
			buildConfigurationList = 447C13392723AB8B0076AD40 /* Build configuration list for PBXProject "SmartBrush" */;
			compatibilityVersion = "Xcode 12.0";
			developmentRegion = en;
			hasScannedForEncodings = 0;
			knownRegions = (
				en,
				Base,
			);
			mainGroup = 447C13352723AB8B0076AD40;
			productRefGroup = 447C133F2723AB8B0076AD40 /* Products */;
			projectDirPath = "";
			projectRoot = "";
			targets = (
				447C133D2723AB8B0076AD40 /* SmartBrush */,
				447C13532723AB8D0076AD40 /* SmartBrushTests */,
				447C135D2723AB8D0076AD40 /* SmartBrushUITests */,
			);
		};
/* End PBXProject section */

/* Begin PBXResourcesBuildPhase section */
		447C133C2723AB8B0076AD40 /* Resources */ = {
			isa = PBXResourcesBuildPhase;
			buildActionMask = 2147483647;
			files = (
				447C134E2723AB8D0076AD40 /* LaunchScreen.storyboard in Resources */,
				447C13862723BA8B0076AD40 /* RealTime.storyboard in Resources */,
				447C138D2723BE380076AD40 /* Connection.storyboard in Resources */,
				447C134B2723AB8D0076AD40 /* Assets.xcassets in Resources */,
				447C13892723BAD50076AD40 /* History.storyboard in Resources */,
				447C13492723AB8B0076AD40 /* Main.storyboard in Resources */,
			);
			runOnlyForDeploymentPostprocessing = 0;
		};
		447C13522723AB8D0076AD40 /* Resources */ = {
			isa = PBXResourcesBuildPhase;
			buildActionMask = 2147483647;
			files = (
			);
			runOnlyForDeploymentPostprocessing = 0;
		};
		447C135C2723AB8D0076AD40 /* Resources */ = {
			isa = PBXResourcesBuildPhase;
			buildActionMask = 2147483647;
			files = (
			);
			runOnlyForDeploymentPostprocessing = 0;
		};
/* End PBXResourcesBuildPhase section */

/* Begin PBXShellScriptBuildPhase section */
		21276FC6DC9BB40D22A99021 /* [CP] Check Pods Manifest.lock */ = {
			isa = PBXShellScriptBuildPhase;
			buildActionMask = 2147483647;
			files = (
			);
			inputFileListPaths = (
			);
			inputPaths = (
				"${PODS_PODFILE_DIR_PATH}/Podfile.lock",
				"${PODS_ROOT}/Manifest.lock",
			);
			name = "[CP] Check Pods Manifest.lock";
			outputFileListPaths = (
			);
			outputPaths = (
				"$(DERIVED_FILE_DIR)/Pods-SmartBrushTests-checkManifestLockResult.txt",
			);
			runOnlyForDeploymentPostprocessing = 0;
			shellPath = /bin/sh;
			shellScript = "diff \"${PODS_PODFILE_DIR_PATH}/Podfile.lock\" \"${PODS_ROOT}/Manifest.lock\" > /dev/null\nif [ $? != 0 ] ; then\n    # print error to STDERR\n    echo \"error: The sandbox is not in sync with the Podfile.lock. Run 'pod install' or update your CocoaPods installation.\" >&2\n    exit 1\nfi\n# This output is used by Xcode 'outputs' to avoid re-running this script phase.\necho \"SUCCESS\" > \"${SCRIPT_OUTPUT_FILE_0}\"\n";
			showEnvVarsInLog = 0;
		};
		42E5A274A288A1523F5A5FBB /* [CP] Embed Pods Frameworks */ = {
			isa = PBXShellScriptBuildPhase;
			buildActionMask = 2147483647;
			files = (
			);
			inputFileListPaths = (
				"${PODS_ROOT}/Target Support Files/Pods-SmartBrush/Pods-SmartBrush-frameworks-${CONFIGURATION}-input-files.xcfilelist",
			);
			name = "[CP] Embed Pods Frameworks";
			outputFileListPaths = (
				"${PODS_ROOT}/Target Support Files/Pods-SmartBrush/Pods-SmartBrush-frameworks-${CONFIGURATION}-output-files.xcfilelist",
			);
			runOnlyForDeploymentPostprocessing = 0;
			shellPath = /bin/sh;
			shellScript = "\"${PODS_ROOT}/Target Support Files/Pods-SmartBrush/Pods-SmartBrush-frameworks.sh\"\n";
			showEnvVarsInLog = 0;
		};
		523D188B81408C2654C6DD60 /* [CP] Check Pods Manifest.lock */ = {
			isa = PBXShellScriptBuildPhase;
			buildActionMask = 2147483647;
			files = (
			);
			inputFileListPaths = (
			);
			inputPaths = (
				"${PODS_PODFILE_DIR_PATH}/Podfile.lock",
				"${PODS_ROOT}/Manifest.lock",
			);
			name = "[CP] Check Pods Manifest.lock";
			outputFileListPaths = (
			);
			outputPaths = (
				"$(DERIVED_FILE_DIR)/Pods-SmartBrush-SmartBrushUITests-checkManifestLockResult.txt",
			);
			runOnlyForDeploymentPostprocessing = 0;
			shellPath = /bin/sh;
			shellScript = "diff \"${PODS_PODFILE_DIR_PATH}/Podfile.lock\" \"${PODS_ROOT}/Manifest.lock\" > /dev/null\nif [ $? != 0 ] ; then\n    # print error to STDERR\n    echo \"error: The sandbox is not in sync with the Podfile.lock. Run 'pod install' or update your CocoaPods installation.\" >&2\n    exit 1\nfi\n# This output is used by Xcode 'outputs' to avoid re-running this script phase.\necho \"SUCCESS\" > \"${SCRIPT_OUTPUT_FILE_0}\"\n";
			showEnvVarsInLog = 0;
		};
		8F426283351CF1D8D3181D8C /* [CP] Embed Pods Frameworks */ = {
			isa = PBXShellScriptBuildPhase;
			buildActionMask = 2147483647;
			files = (
			);
			inputFileListPaths = (
				"${PODS_ROOT}/Target Support Files/Pods-SmartBrush-SmartBrushUITests/Pods-SmartBrush-SmartBrushUITests-frameworks-${CONFIGURATION}-input-files.xcfilelist",
			);
			name = "[CP] Embed Pods Frameworks";
			outputFileListPaths = (
				"${PODS_ROOT}/Target Support Files/Pods-SmartBrush-SmartBrushUITests/Pods-SmartBrush-SmartBrushUITests-frameworks-${CONFIGURATION}-output-files.xcfilelist",
			);
			runOnlyForDeploymentPostprocessing = 0;
			shellPath = /bin/sh;
			shellScript = "\"${PODS_ROOT}/Target Support Files/Pods-SmartBrush-SmartBrushUITests/Pods-SmartBrush-SmartBrushUITests-frameworks.sh\"\n";
			showEnvVarsInLog = 0;
		};
		BC1878622157E2F21B2AAE30 /* [CP] Check Pods Manifest.lock */ = {
			isa = PBXShellScriptBuildPhase;
			buildActionMask = 2147483647;
			files = (
			);
			inputFileListPaths = (
			);
			inputPaths = (
				"${PODS_PODFILE_DIR_PATH}/Podfile.lock",
				"${PODS_ROOT}/Manifest.lock",
			);
			name = "[CP] Check Pods Manifest.lock";
			outputFileListPaths = (
			);
			outputPaths = (
				"$(DERIVED_FILE_DIR)/Pods-SmartBrush-checkManifestLockResult.txt",
			);
			runOnlyForDeploymentPostprocessing = 0;
			shellPath = /bin/sh;
			shellScript = "diff \"${PODS_PODFILE_DIR_PATH}/Podfile.lock\" \"${PODS_ROOT}/Manifest.lock\" > /dev/null\nif [ $? != 0 ] ; then\n    # print error to STDERR\n    echo \"error: The sandbox is not in sync with the Podfile.lock. Run 'pod install' or update your CocoaPods installation.\" >&2\n    exit 1\nfi\n# This output is used by Xcode 'outputs' to avoid re-running this script phase.\necho \"SUCCESS\" > \"${SCRIPT_OUTPUT_FILE_0}\"\n";
			showEnvVarsInLog = 0;
		};
/* End PBXShellScriptBuildPhase section */

/* Begin PBXSourcesBuildPhase section */
		447C133A2723AB8B0076AD40 /* Sources */ = {
			isa = PBXSourcesBuildPhase;
			buildActionMask = 2147483647;
			files = (
				447C13462723AB8B0076AD40 /* ViewController.swift in Sources */,
				44C43E9E2746A487000A95E2 /* DatabaseConnection.swift in Sources */,
				447C13422723AB8B0076AD40 /* AppDelegate.swift in Sources */,
				4432D2AC2742BF530021F402 /* ConnectionViewController.swift in Sources */,
				449273DB2724777B0004E24F /* HistoryViewController.swift in Sources */,
				447C13442723AB8B0076AD40 /* SceneDelegate.swift in Sources */,
				44A02AD62724FD46000EFEBA /* RealTimeViewController.swift in Sources */,
			);
			runOnlyForDeploymentPostprocessing = 0;
		};
		447C13502723AB8D0076AD40 /* Sources */ = {
			isa = PBXSourcesBuildPhase;
			buildActionMask = 2147483647;
			files = (
				447C13592723AB8D0076AD40 /* SmartBrushTests.swift in Sources */,
			);
			runOnlyForDeploymentPostprocessing = 0;
		};
		447C135A2723AB8D0076AD40 /* Sources */ = {
			isa = PBXSourcesBuildPhase;
			buildActionMask = 2147483647;
			files = (
				447C13632723AB8D0076AD40 /* SmartBrushUITests.swift in Sources */,
				447C13652723AB8D0076AD40 /* SmartBrushUITestsLaunchTests.swift in Sources */,
			);
			runOnlyForDeploymentPostprocessing = 0;
		};
/* End PBXSourcesBuildPhase section */

/* Begin PBXTargetDependency section */
		447C13562723AB8D0076AD40 /* PBXTargetDependency */ = {
			isa = PBXTargetDependency;
			target = 447C133D2723AB8B0076AD40 /* SmartBrush */;
			targetProxy = 447C13552723AB8D0076AD40 /* PBXContainerItemProxy */;
		};
		447C13602723AB8D0076AD40 /* PBXTargetDependency */ = {
			isa = PBXTargetDependency;
			target = 447C133D2723AB8B0076AD40 /* SmartBrush */;
			targetProxy = 447C135F2723AB8D0076AD40 /* PBXContainerItemProxy */;
		};
/* End PBXTargetDependency section */

/* Begin PBXVariantGroup section */
		447C13472723AB8B0076AD40 /* Main.storyboard */ = {
			isa = PBXVariantGroup;
			children = (
				447C13482723AB8B0076AD40 /* Base */,
			);
			name = Main.storyboard;
			sourceTree = "<group>";
		};
		447C134C2723AB8D0076AD40 /* LaunchScreen.storyboard */ = {
			isa = PBXVariantGroup;
			children = (
				447C134D2723AB8D0076AD40 /* Base */,
			);
			name = LaunchScreen.storyboard;
			sourceTree = "<group>";
		};
		447C13872723BAD50076AD40 /* History.storyboard */ = {
			isa = PBXVariantGroup;
			children = (
				447C13882723BAD50076AD40 /* Base */,
			);
			name = History.storyboard;
			sourceTree = "<group>";
		};
/* End PBXVariantGroup section */

/* Begin XCBuildConfiguration section */
		447C13662723AB8D0076AD40 /* Debug */ = {
			isa = XCBuildConfiguration;
			buildSettings = {
				ALWAYS_SEARCH_USER_PATHS = NO;
				CLANG_ANALYZER_NONNULL = YES;
				CLANG_ANALYZER_NUMBER_OBJECT_CONVERSION = YES_AGGRESSIVE;
				CLANG_CXX_LANGUAGE_STANDARD = "gnu++17";
				CLANG_CXX_LIBRARY = "libc++";
				CLANG_ENABLE_MODULES = YES;
				CLANG_ENABLE_OBJC_ARC = YES;
				CLANG_ENABLE_OBJC_WEAK = YES;
				CLANG_WARN_BLOCK_CAPTURE_AUTORELEASING = YES;
				CLANG_WARN_BOOL_CONVERSION = YES;
				CLANG_WARN_COMMA = YES;
				CLANG_WARN_CONSTANT_CONVERSION = YES;
				CLANG_WARN_DEPRECATED_OBJC_IMPLEMENTATIONS = YES;
				CLANG_WARN_DIRECT_OBJC_ISA_USAGE = YES_ERROR;
				CLANG_WARN_DOCUMENTATION_COMMENTS = YES;
				CLANG_WARN_EMPTY_BODY = YES;
				CLANG_WARN_ENUM_CONVERSION = YES;
				CLANG_WARN_INFINITE_RECURSION = YES;
				CLANG_WARN_INT_CONVERSION = YES;
				CLANG_WARN_NON_LITERAL_NULL_CONVERSION = YES;
				CLANG_WARN_OBJC_IMPLICIT_RETAIN_SELF = YES;
				CLANG_WARN_OBJC_LITERAL_CONVERSION = YES;
				CLANG_WARN_OBJC_ROOT_CLASS = YES_ERROR;
				CLANG_WARN_QUOTED_INCLUDE_IN_FRAMEWORK_HEADER = YES;
				CLANG_WARN_RANGE_LOOP_ANALYSIS = YES;
				CLANG_WARN_STRICT_PROTOTYPES = YES;
				CLANG_WARN_SUSPICIOUS_MOVE = YES;
				CLANG_WARN_UNGUARDED_AVAILABILITY = YES_AGGRESSIVE;
				CLANG_WARN_UNREACHABLE_CODE = YES;
				CLANG_WARN__DUPLICATE_METHOD_MATCH = YES;
				COPY_PHASE_STRIP = NO;
				DEBUG_INFORMATION_FORMAT = dwarf;
				ENABLE_STRICT_OBJC_MSGSEND = YES;
				ENABLE_TESTABILITY = YES;
				GCC_C_LANGUAGE_STANDARD = gnu11;
				GCC_DYNAMIC_NO_PIC = NO;
				GCC_NO_COMMON_BLOCKS = YES;
				GCC_OPTIMIZATION_LEVEL = 0;
				GCC_PREPROCESSOR_DEFINITIONS = (
					"DEBUG=1",
					"$(inherited)",
				);
				GCC_WARN_64_TO_32_BIT_CONVERSION = YES;
				GCC_WARN_ABOUT_RETURN_TYPE = YES_ERROR;
				GCC_WARN_UNDECLARED_SELECTOR = YES;
				GCC_WARN_UNINITIALIZED_AUTOS = YES_AGGRESSIVE;
				GCC_WARN_UNUSED_FUNCTION = YES;
				GCC_WARN_UNUSED_VARIABLE = YES;
				IPHONEOS_DEPLOYMENT_TARGET = 14.5;
				MTL_ENABLE_DEBUG_INFO = INCLUDE_SOURCE;
				MTL_FAST_MATH = YES;
				ONLY_ACTIVE_ARCH = YES;
				SDKROOT = iphoneos;
				SWIFT_ACTIVE_COMPILATION_CONDITIONS = DEBUG;
				SWIFT_OPTIMIZATION_LEVEL = "-Onone";
			};
			name = Debug;
		};
		447C13672723AB8D0076AD40 /* Release */ = {
			isa = XCBuildConfiguration;
			buildSettings = {
				ALWAYS_SEARCH_USER_PATHS = NO;
				CLANG_ANALYZER_NONNULL = YES;
				CLANG_ANALYZER_NUMBER_OBJECT_CONVERSION = YES_AGGRESSIVE;
				CLANG_CXX_LANGUAGE_STANDARD = "gnu++17";
				CLANG_CXX_LIBRARY = "libc++";
				CLANG_ENABLE_MODULES = YES;
				CLANG_ENABLE_OBJC_ARC = YES;
				CLANG_ENABLE_OBJC_WEAK = YES;
				CLANG_WARN_BLOCK_CAPTURE_AUTORELEASING = YES;
				CLANG_WARN_BOOL_CONVERSION = YES;
				CLANG_WARN_COMMA = YES;
				CLANG_WARN_CONSTANT_CONVERSION = YES;
				CLANG_WARN_DEPRECATED_OBJC_IMPLEMENTATIONS = YES;
				CLANG_WARN_DIRECT_OBJC_ISA_USAGE = YES_ERROR;
				CLANG_WARN_DOCUMENTATION_COMMENTS = YES;
				CLANG_WARN_EMPTY_BODY = YES;
				CLANG_WARN_ENUM_CONVERSION = YES;
				CLANG_WARN_INFINITE_RECURSION = YES;
				CLANG_WARN_INT_CONVERSION = YES;
				CLANG_WARN_NON_LITERAL_NULL_CONVERSION = YES;
				CLANG_WARN_OBJC_IMPLICIT_RETAIN_SELF = YES;
				CLANG_WARN_OBJC_LITERAL_CONVERSION = YES;
				CLANG_WARN_OBJC_ROOT_CLASS = YES_ERROR;
				CLANG_WARN_QUOTED_INCLUDE_IN_FRAMEWORK_HEADER = YES;
				CLANG_WARN_RANGE_LOOP_ANALYSIS = YES;
				CLANG_WARN_STRICT_PROTOTYPES = YES;
				CLANG_WARN_SUSPICIOUS_MOVE = YES;
				CLANG_WARN_UNGUARDED_AVAILABILITY = YES_AGGRESSIVE;
				CLANG_WARN_UNREACHABLE_CODE = YES;
				CLANG_WARN__DUPLICATE_METHOD_MATCH = YES;
				COPY_PHASE_STRIP = NO;
				DEBUG_INFORMATION_FORMAT = "dwarf-with-dsym";
				ENABLE_NS_ASSERTIONS = NO;
				ENABLE_STRICT_OBJC_MSGSEND = YES;
				GCC_C_LANGUAGE_STANDARD = gnu11;
				GCC_NO_COMMON_BLOCKS = YES;
				GCC_WARN_64_TO_32_BIT_CONVERSION = YES;
				GCC_WARN_ABOUT_RETURN_TYPE = YES_ERROR;
				GCC_WARN_UNDECLARED_SELECTOR = YES;
				GCC_WARN_UNINITIALIZED_AUTOS = YES_AGGRESSIVE;
				GCC_WARN_UNUSED_FUNCTION = YES;
				GCC_WARN_UNUSED_VARIABLE = YES;
				IPHONEOS_DEPLOYMENT_TARGET = 14.5;
				MTL_ENABLE_DEBUG_INFO = NO;
				MTL_FAST_MATH = YES;
				SDKROOT = iphoneos;
				SWIFT_COMPILATION_MODE = wholemodule;
				SWIFT_OPTIMIZATION_LEVEL = "-O";
				VALIDATE_PRODUCT = YES;
			};
			name = Release;
		};
		447C13692723AB8D0076AD40 /* Debug */ = {
			isa = XCBuildConfiguration;
			baseConfigurationReference = B0D0A454C2670A6C6C97A562 /* Pods-SmartBrush.debug.xcconfig */;
			buildSettings = {
				ASSETCATALOG_COMPILER_APPICON_NAME = AppIcon;
				ASSETCATALOG_COMPILER_GLOBAL_ACCENT_COLOR_NAME = AccentColor;
				CODE_SIGN_STYLE = Automatic;
				CURRENT_PROJECT_VERSION = 1;
				DEVELOPMENT_TEAM = SSW8GMDWXT;
				GENERATE_INFOPLIST_FILE = YES;
				INFOPLIST_FILE = SmartBrush/Info.plist;
				INFOPLIST_KEY_UIApplicationSupportsIndirectInputEvents = YES;
				INFOPLIST_KEY_UILaunchStoryboardName = LaunchScreen;
				INFOPLIST_KEY_UIMainStoryboardFile = Main;
				INFOPLIST_KEY_UISupportedInterfaceOrientations_iPad = "UIInterfaceOrientationPortrait UIInterfaceOrientationPortraitUpsideDown UIInterfaceOrientationLandscapeLeft UIInterfaceOrientationLandscapeRight";
				INFOPLIST_KEY_UISupportedInterfaceOrientations_iPhone = "UIInterfaceOrientationPortrait UIInterfaceOrientationLandscapeLeft UIInterfaceOrientationLandscapeRight";
				IPHONEOS_DEPLOYMENT_TARGET = 14.5;
				LD_RUNPATH_SEARCH_PATHS = (
					"$(inherited)",
					"@executable_path/Frameworks",
				);
				MARKETING_VERSION = 1.0;
				PRODUCT_BUNDLE_IDENTIFIER = com.class.gspearin.SmartBrush;
				PRODUCT_NAME = "$(TARGET_NAME)";
				SWIFT_EMIT_LOC_STRINGS = YES;
				SWIFT_VERSION = 5.0;
				TARGETED_DEVICE_FAMILY = "1,2";
			};
			name = Debug;
		};
		447C136A2723AB8D0076AD40 /* Release */ = {
			isa = XCBuildConfiguration;
			baseConfigurationReference = A4F9AF545F0B2E341BCFBD93 /* Pods-SmartBrush.release.xcconfig */;
			buildSettings = {
				ASSETCATALOG_COMPILER_APPICON_NAME = AppIcon;
				ASSETCATALOG_COMPILER_GLOBAL_ACCENT_COLOR_NAME = AccentColor;
				CODE_SIGN_STYLE = Automatic;
				CURRENT_PROJECT_VERSION = 1;
				DEVELOPMENT_TEAM = SSW8GMDWXT;
				GENERATE_INFOPLIST_FILE = YES;
				INFOPLIST_FILE = SmartBrush/Info.plist;
				INFOPLIST_KEY_UIApplicationSupportsIndirectInputEvents = YES;
				INFOPLIST_KEY_UILaunchStoryboardName = LaunchScreen;
				INFOPLIST_KEY_UIMainStoryboardFile = Main;
				INFOPLIST_KEY_UISupportedInterfaceOrientations_iPad = "UIInterfaceOrientationPortrait UIInterfaceOrientationPortraitUpsideDown UIInterfaceOrientationLandscapeLeft UIInterfaceOrientationLandscapeRight";
				INFOPLIST_KEY_UISupportedInterfaceOrientations_iPhone = "UIInterfaceOrientationPortrait UIInterfaceOrientationLandscapeLeft UIInterfaceOrientationLandscapeRight";
				IPHONEOS_DEPLOYMENT_TARGET = 14.5;
				LD_RUNPATH_SEARCH_PATHS = (
					"$(inherited)",
					"@executable_path/Frameworks",
				);
				MARKETING_VERSION = 1.0;
				PRODUCT_BUNDLE_IDENTIFIER = com.class.gspearin.SmartBrush;
				PRODUCT_NAME = "$(TARGET_NAME)";
				SWIFT_EMIT_LOC_STRINGS = YES;
				SWIFT_VERSION = 5.0;
				TARGETED_DEVICE_FAMILY = "1,2";
			};
			name = Release;
		};
		447C136C2723AB8D0076AD40 /* Debug */ = {
			isa = XCBuildConfiguration;
			baseConfigurationReference = 3746EF6AA38639F9388645CF /* Pods-SmartBrushTests.debug.xcconfig */;
			buildSettings = {
				ALWAYS_EMBED_SWIFT_STANDARD_LIBRARIES = YES;
				BUNDLE_LOADER = "$(TEST_HOST)";
				CODE_SIGN_STYLE = Automatic;
				CURRENT_PROJECT_VERSION = 1;
				DEVELOPMENT_TEAM = V7KJFNL42M;
				GENERATE_INFOPLIST_FILE = YES;
				IPHONEOS_DEPLOYMENT_TARGET = 15.0;
				LD_RUNPATH_SEARCH_PATHS = (
					"$(inherited)",
					"@executable_path/Frameworks",
					"@loader_path/Frameworks",
				);
				MARKETING_VERSION = 1.0;
				PRODUCT_BUNDLE_IDENTIFIER = com.class.gspearin.SmartBrushTests;
				PRODUCT_NAME = "$(TARGET_NAME)";
				SWIFT_EMIT_LOC_STRINGS = NO;
				SWIFT_VERSION = 5.0;
				TARGETED_DEVICE_FAMILY = "1,2";
				TEST_HOST = "$(BUILT_PRODUCTS_DIR)/SmartBrush.app/SmartBrush";
			};
			name = Debug;
		};
		447C136D2723AB8D0076AD40 /* Release */ = {
			isa = XCBuildConfiguration;
			baseConfigurationReference = B4F804F22D767D5E315391B1 /* Pods-SmartBrushTests.release.xcconfig */;
			buildSettings = {
				ALWAYS_EMBED_SWIFT_STANDARD_LIBRARIES = YES;
				BUNDLE_LOADER = "$(TEST_HOST)";
				CODE_SIGN_STYLE = Automatic;
				CURRENT_PROJECT_VERSION = 1;
				DEVELOPMENT_TEAM = V7KJFNL42M;
				GENERATE_INFOPLIST_FILE = YES;
				IPHONEOS_DEPLOYMENT_TARGET = 15.0;
				LD_RUNPATH_SEARCH_PATHS = (
					"$(inherited)",
					"@executable_path/Frameworks",
					"@loader_path/Frameworks",
				);
				MARKETING_VERSION = 1.0;
				PRODUCT_BUNDLE_IDENTIFIER = com.class.gspearin.SmartBrushTests;
				PRODUCT_NAME = "$(TARGET_NAME)";
				SWIFT_EMIT_LOC_STRINGS = NO;
				SWIFT_VERSION = 5.0;
				TARGETED_DEVICE_FAMILY = "1,2";
				TEST_HOST = "$(BUILT_PRODUCTS_DIR)/SmartBrush.app/SmartBrush";
			};
			name = Release;
		};
		447C136F2723AB8D0076AD40 /* Debug */ = {
			isa = XCBuildConfiguration;
			baseConfigurationReference = CEA5479C177CABC34767752A /* Pods-SmartBrush-SmartBrushUITests.debug.xcconfig */;
			buildSettings = {
				ALWAYS_EMBED_SWIFT_STANDARD_LIBRARIES = YES;
				CODE_SIGN_STYLE = Automatic;
				CURRENT_PROJECT_VERSION = 1;
				DEVELOPMENT_TEAM = V7KJFNL42M;
				GENERATE_INFOPLIST_FILE = YES;
				LD_RUNPATH_SEARCH_PATHS = (
					"$(inherited)",
					"@executable_path/Frameworks",
					"@loader_path/Frameworks",
				);
				MARKETING_VERSION = 1.0;
				PRODUCT_BUNDLE_IDENTIFIER = com.class.gspearin.SmartBrushUITests;
				PRODUCT_NAME = "$(TARGET_NAME)";
				SWIFT_EMIT_LOC_STRINGS = NO;
				SWIFT_VERSION = 5.0;
				TARGETED_DEVICE_FAMILY = "1,2";
				TEST_TARGET_NAME = SmartBrush;
			};
			name = Debug;
		};
		447C13702723AB8D0076AD40 /* Release */ = {
			isa = XCBuildConfiguration;
			baseConfigurationReference = 715D6A90E96D1BDA751F9FEA /* Pods-SmartBrush-SmartBrushUITests.release.xcconfig */;
			buildSettings = {
				ALWAYS_EMBED_SWIFT_STANDARD_LIBRARIES = YES;
				CODE_SIGN_STYLE = Automatic;
				CURRENT_PROJECT_VERSION = 1;
				DEVELOPMENT_TEAM = V7KJFNL42M;
				GENERATE_INFOPLIST_FILE = YES;
				LD_RUNPATH_SEARCH_PATHS = (
					"$(inherited)",
					"@executable_path/Frameworks",
					"@loader_path/Frameworks",
				);
				MARKETING_VERSION = 1.0;
				PRODUCT_BUNDLE_IDENTIFIER = com.class.gspearin.SmartBrushUITests;
				PRODUCT_NAME = "$(TARGET_NAME)";
				SWIFT_EMIT_LOC_STRINGS = NO;
				SWIFT_VERSION = 5.0;
				TARGETED_DEVICE_FAMILY = "1,2";
				TEST_TARGET_NAME = SmartBrush;
			};
			name = Release;
		};
/* End XCBuildConfiguration section */

/* Begin XCConfigurationList section */
		447C13392723AB8B0076AD40 /* Build configuration list for PBXProject "SmartBrush" */ = {
			isa = XCConfigurationList;
			buildConfigurations = (
				447C13662723AB8D0076AD40 /* Debug */,
				447C13672723AB8D0076AD40 /* Release */,
			);
			defaultConfigurationIsVisible = 0;
			defaultConfigurationName = Release;
		};
		447C13682723AB8D0076AD40 /* Build configuration list for PBXNativeTarget "SmartBrush" */ = {
			isa = XCConfigurationList;
			buildConfigurations = (
				447C13692723AB8D0076AD40 /* Debug */,
				447C136A2723AB8D0076AD40 /* Release */,
			);
			defaultConfigurationIsVisible = 0;
			defaultConfigurationName = Release;
		};
		447C136B2723AB8D0076AD40 /* Build configuration list for PBXNativeTarget "SmartBrushTests" */ = {
			isa = XCConfigurationList;
			buildConfigurations = (
				447C136C2723AB8D0076AD40 /* Debug */,
				447C136D2723AB8D0076AD40 /* Release */,
			);
			defaultConfigurationIsVisible = 0;
			defaultConfigurationName = Release;
		};
		447C136E2723AB8D0076AD40 /* Build configuration list for PBXNativeTarget "SmartBrushUITests" */ = {
			isa = XCConfigurationList;
			buildConfigurations = (
				447C136F2723AB8D0076AD40 /* Debug */,
				447C13702723AB8D0076AD40 /* Release */,
			);
			defaultConfigurationIsVisible = 0;
			defaultConfigurationName = Release;
		};
/* End XCConfigurationList section */
	};
	rootObject = 447C13362723AB8B0076AD40 /* Project object */;
}
